
﻿
Microsoft Visual Studio Solution File, Format Version 12.00
# Visual Studio Version 17
VisualStudioVersion = 17.3.32901.215
MinimumVisualStudioVersion = 10.0.40219.1
Project("{8BC9CEB8-8B4A-11D0-8D11-00A0C91BC942}") = "Project3", "Project3\Project3.vcxproj", "{58B64DD8-6119-4845-B1EF-A69993FD6A99}"
EndProject
Global
	GlobalSection(SolutionConfigurationPlatforms) = preSolution
		Debug|x64 = Debug|x64
		Debug|x86 = Debug|x86
		Release|x64 = Release|x64
		Release|x86 = Release|x86
	EndGlobalSection
	GlobalSection(ProjectConfigurationPlatforms) = postSolution
		{58B64DD8-6119-4845-B1EF-A69993FD6A99}.Debug|x64.ActiveCfg = Debug|x64
		{58B64DD8-6119-4845-B1EF-A69993FD6A99}.Debug|x64.Build.0 = Debug|x64
		{58B64DD8-6119-4845-B1EF-A69993FD6A99}.Debug|x86.ActiveCfg = Debug|Win32
		{58B64DD8-6119-4845-B1EF-A69993FD6A99}.Debug|x86.Build.0 = Debug|Win32
		{58B64DD8-6119-4845-B1EF-A69993FD6A99}.Release|x64.ActiveCfg = Release|x64
		{58B64DD8-6119-4845-B1EF-A69993FD6A99}.Release|x64.Build.0 = Release|x64
		{58B64DD8-6119-4845-B1EF-A69993FD6A99}.Release|x86.ActiveCfg = Release|Win32
		{58B64DD8-6119-4845-B1EF-A69993FD6A99}.Release|x86.Build.0 = Release|Win32
	EndGlobalSection
	GlobalSection(SolutionProperties) = preSolution
		HideSolutionNode = FALSE
	EndGlobalSection
	GlobalSection(ExtensibilityGlobals) = postSolution
		SolutionGuid = {FDD27170-4768-46FC-BA05-FFF89EF24B1
	EndGlobalSection
EndGlobal

from vega_datasets import data
cars = data.cars()

import altair as alt

interval = alt.selection_interval()

points = alt.Chart(cars).mark_point().encode(
  x='Horsepower',
  y='Miles_per_Gallon',
  color=alt.condition(interval, 'Origin', alt.value('lightgray'))
).properties(
  selection=interval
)

histogram = alt.Chart(cars).mark_bar().encode(
  x='count()',
  y='Origin',
  color='Origin'
).transform_filter(interval)

points & histogram
